
Microsoft Visual Studio Solution File, Format Version 12.00
# Visual Studio 2013
VisualStudioVersion = 12.0.30501.0
MinimumVisualStudioVersion = 10.0.40219.1
Project("{FAE04EC0-301F-11D3-BF4B-00C04F79EFBC}") = "PSNAL", "PSNAL\PSNAL.csproj", "{4C53A4C8-14D1-4A56-B287-9F24F8646B1B}"
EndProject
Project("{FAE04EC0-301F-11D3-BF4B-00C04F79EFBC}") = "Objects", "Objects\Objects.csproj", "{15D0805B-4DCC-4621-9ADF-0B06765B12D8}"
EndProject
Global
	GlobalSection(SolutionConfigurationPlatforms) = preSolution
		Debug|Any CPU = Debug|Any CPU
		Release|Any CPU = Release|Any CPU
	EndGlobalSection
	GlobalSection(ProjectConfigurationPlatforms) = postSolution
		{4C53A4C8-14D1-4A56-B287-9F24F8646B1B}.Debug|Any CPU.ActiveCfg = Debug|Any CPU
		{4C53A4C8-14D1-4A56-B287-9F24F8646B1B}.Debug|Any CPU.Build.0 = Debug|Any CPU
		{4C53A4C8-14D1-4A56-B287-9F24F8646B1B}.Release|Any CPU.ActiveCfg = Release|Any CPU
		{4C53A4C8-14D1-4A56-B287-9F24F8646B1B}.Release|Any CPU.Build.0 = Release|Any CPU
		{15D0805B-4DCC-4621-9ADF-0B06765B12D8}.Debug|Any CPU.ActiveCfg = Debug|Any CPU
		{15D0805B-4DCC-4621-9ADF-0B06765B12D8}.Debug|Any CPU.Build.0 = Debug|Any CPU
		{15D0805B-4DCC-4621-9ADF-0B06765B12D8}.Release|Any CPU.ActiveCfg = Release|Any CPU
		{15D0805B-4DCC-4621-9ADF-0B06765B12D8}.Release|Any CPU.Build.0 = Release|Any CPU
	EndGlobalSection
	GlobalSection(SolutionProperties) = preSolution
		HideSolutionNode = FALSE
	EndGlobalSection
EndGlobal
